
Microsoft Visual Studio Solution File, Format Version 12.00
# Visual Studio 15
VisualStudioVersion = 15.0.27428.2002
MinimumVisualStudioVersion = 10.0.40219.1
Project("{FAE04EC0-301F-11D3-BF4B-00C04F79EFBC}") = "CopaFilmes.Web", "CopaFilmes.Web\CopaFilmes.Web.csproj", "{30DE3285-1195-41D2-8E73-2885A4101F92}"
EndProject
Project("{FAE04EC0-301F-11D3-BF4B-00C04F79EFBC}") = "CopaFilmes.Application", "CopaFilmes.Application\CopaFilmes.Application.csproj", "{86A63FD9-5D86-4C0A-AED9-8F5B36C80DAF}"
EndProject
Project("{FAE04EC0-301F-11D3-BF4B-00C04F79EFBC}") = "CopaFilmes.Test", "CopaFilmes.Test\CopaFilmes.Test.csproj", "{8A3F76C7-E445-4E94-ABD1-6BF16FEA3F2D}"
EndProject
Global
	GlobalSection(SolutionConfigurationPlatforms) = preSolution
		Debug|Any CPU = Debug|Any CPU
		Release|Any CPU = Release|Any CPU
	EndGlobalSection
	GlobalSection(ProjectConfigurationPlatforms) = postSolution
		{30DE3285-1195-41D2-8E73-2885A4101F92}.Debug|Any CPU.ActiveCfg = Debug|Any CPU
		{30DE3285-1195-41D2-8E73-2885A4101F92}.Debug|Any CPU.Build.0 = Debug|Any CPU
		{30DE3285-1195-41D2-8E73-2885A4101F92}.Release|Any CPU.ActiveCfg = Release|Any CPU
		{30DE3285-1195-41D2-8E73-2885A4101F92}.Release|Any CPU.Build.0 = Release|Any CPU
		{86A63FD9-5D86-4C0A-AED9-8F5B36C80DAF}.Debug|Any CPU.ActiveCfg = Debug|Any CPU
		{86A63FD9-5D86-4C0A-AED9-8F5B36C80DAF}.Debug|Any CPU.Build.0 = Debug|Any CPU
		{86A63FD9-5D86-4C0A-AED9-8F5B36C80DAF}.Release|Any CPU.ActiveCfg = Release|Any CPU
		{86A63FD9-5D86-4C0A-AED9-8F5B36C80DAF}.Release|Any CPU.Build.0 = Release|Any CPU
		{8A3F76C7-E445-4E94-ABD1-6BF16FEA3F2D}.Debug|Any CPU.ActiveCfg = Debug|Any CPU
		{8A3F76C7-E445-4E94-ABD1-6BF16FEA3F2D}.Debug|Any CPU.Build.0 = Debug|Any CPU
		{8A3F76C7-E445-4E94-ABD1-6BF16FEA3F2D}.Release|Any CPU.ActiveCfg = Release|Any CPU
		{8A3F76C7-E445-4E94-ABD1-6BF16FEA3F2D}.Release|Any CPU.Build.0 = Release|Any CPU
	EndGlobalSection
	GlobalSection(SolutionProperties) = preSolution
		HideSolutionNode = FALSE
	EndGlobalSection
	GlobalSection(ExtensibilityGlobals) = postSolution
		SolutionGuid = {4AE532F3-3F7A-4B00-8DF8-87539116B7D3}
	EndGlobalSection
EndGlobal
